
Microsoft Visual Studio Solution File, Format Version 12.00
# Visual Studio 2013
VisualStudioVersion = 12.0.31101.0
MinimumVisualStudioVersion = 10.0.40219.1
Project("{2150E333-8FDC-42A3-9474-1A3956D46DE8}") = "SchoolERP.BusinessLayer", "SchoolERP.BusinessLayer", "{13247AEB-5E2D-4C42-969E-627E17C7656F}"
EndProject
Project("{2150E333-8FDC-42A3-9474-1A3956D46DE8}") = "SchoolERP.DataMapper", "SchoolERP.DataMapper", "{2E5B2068-B19B-44FB-B3EE-3B2C26C187C2}"
EndProject
Project("{FAE04EC0-301F-11D3-BF4B-00C04F79EFBC}") = "SchoolERP.DTO", "SchoolERP.DTO\SchoolERP.DTO.csproj", "{0B727B3C-8B56-4CE4-97FF-DAF30DD9D185}"
EndProject
Project("{FAE04EC0-301F-11D3-BF4B-00C04F79EFBC}") = "SchoolERP.Framework", "SchoolERP.Framework\SchoolERP.Framework.csproj", "{CBD2FC3C-0FD0-4C75-9283-32D8F7810B7A}"
EndProject
Project("{FAE04EC0-301F-11D3-BF4B-00C04F79EFBC}") = "SchoolERP.WebApp", "SchoolERP.WebApp\SchoolERP.WebApp.csproj", "{B489C644-C2AC-4A94-BF83-BE3BE0A3FEC4}"
EndProject
Project("{FAE04EC0-301F-11D3-BF4B-00C04F79EFBC}") = "SchoolERP.Business", "SchoolERP.Business\SchoolERP.Business.csproj", "{A10DE8E0-D976-442E-84AD-B5A441AD8FE6}"
EndProject
Project("{FAE04EC0-301F-11D3-BF4B-00C04F79EFBC}") = "SchoolERP.Business.DTO", "SchoolERP.Business.DTO\SchoolERP.Business.DTO.csproj", "{80533CA3-39C1-45D3-913D-8FD486627585}"
EndProject
Project("{FAE04EC0-301F-11D3-BF4B-00C04F79EFBC}") = "SchoolERP.Business.Interfaces", "SchoolERP.Business.Interfaces\SchoolERP.Business.Interfaces.csproj", "{D01C0901-69E4-49F9-B95B-28B585E50FE0}"
EndProject
Project("{FAE04EC0-301F-11D3-BF4B-00C04F79EFBC}") = "SchoolERP.DataMappers", "SchoolERP.DataMappers\SchoolERP.DataMappers.csproj", "{7A09A068-BB50-46F9-853D-5F0B5D8874FB}"
EndProject
Global
	GlobalSection(SolutionConfigurationPlatforms) = preSolution
		Debug|Any CPU = Debug|Any CPU
		Release|Any CPU = Release|Any CPU
	EndGlobalSection
	GlobalSection(ProjectConfigurationPlatforms) = postSolution
		{0B727B3C-8B56-4CE4-97FF-DAF30DD9D185}.Debug|Any CPU.ActiveCfg = Debug|Any CPU
		{0B727B3C-8B56-4CE4-97FF-DAF30DD9D185}.Debug|Any CPU.Build.0 = Debug|Any CPU
		{0B727B3C-8B56-4CE4-97FF-DAF30DD9D185}.Release|Any CPU.ActiveCfg = Release|Any CPU
		{0B727B3C-8B56-4CE4-97FF-DAF30DD9D185}.Release|Any CPU.Build.0 = Release|Any CPU
		{CBD2FC3C-0FD0-4C75-9283-32D8F7810B7A}.Debug|Any CPU.ActiveCfg = Debug|Any CPU
		{CBD2FC3C-0FD0-4C75-9283-32D8F7810B7A}.Debug|Any CPU.Build.0 = Debug|Any CPU
		{CBD2FC3C-0FD0-4C75-9283-32D8F7810B7A}.Release|Any CPU.ActiveCfg = Release|Any CPU
		{CBD2FC3C-0FD0-4C75-9283-32D8F7810B7A}.Release|Any CPU.Build.0 = Release|Any CPU
		{B489C644-C2AC-4A94-BF83-BE3BE0A3FEC4}.Debug|Any CPU.ActiveCfg = Debug|Any CPU
		{B489C644-C2AC-4A94-BF83-BE3BE0A3FEC4}.Debug|Any CPU.Build.0 = Debug|Any CPU
		{B489C644-C2AC-4A94-BF83-BE3BE0A3FEC4}.Release|Any CPU.ActiveCfg = Release|Any CPU
		{B489C644-C2AC-4A94-BF83-BE3BE0A3FEC4}.Release|Any CPU.Build.0 = Release|Any CPU
		{A10DE8E0-D976-442E-84AD-B5A441AD8FE6}.Debug|Any CPU.ActiveCfg = Debug|Any CPU
		{A10DE8E0-D976-442E-84AD-B5A441AD8FE6}.Debug|Any CPU.Build.0 = Debug|Any CPU
		{A10DE8E0-D976-442E-84AD-B5A441AD8FE6}.Release|Any CPU.ActiveCfg = Release|Any CPU
		{A10DE8E0-D976-442E-84AD-B5A441AD8FE6}.Release|Any CPU.Build.0 = Release|Any CPU
		{80533CA3-39C1-45D3-913D-8FD486627585}.Debug|Any CPU.ActiveCfg = Debug|Any CPU
		{80533CA3-39C1-45D3-913D-8FD486627585}.Debug|Any CPU.Build.0 = Debug|Any CPU
		{80533CA3-39C1-45D3-913D-8FD486627585}.Release|Any CPU.ActiveCfg = Release|Any CPU
		{80533CA3-39C1-45D3-913D-8FD486627585}.Release|Any CPU.Build.0 = Release|Any CPU
		{D01C0901-69E4-49F9-B95B-28B585E50FE0}.Debug|Any CPU.ActiveCfg = Debug|Any CPU
		{D01C0901-69E4-49F9-B95B-28B585E50FE0}.Debug|Any CPU.Build.0 = Debug|Any CPU
		{D01C0901-69E4-49F9-B95B-28B585E50FE0}.Release|Any CPU.ActiveCfg = Release|Any CPU
		{D01C0901-69E4-49F9-B95B-28B585E50FE0}.Release|Any CPU.Build.0 = Release|Any CPU
		{7A09A068-BB50-46F9-853D-5F0B5D8874FB}.Debug|Any CPU.ActiveCfg = Debug|Any CPU
		{7A09A068-BB50-46F9-853D-5F0B5D8874FB}.Debug|Any CPU.Build.0 = Debug|Any CPU
		{7A09A068-BB50-46F9-853D-5F0B5D8874FB}.Release|Any CPU.ActiveCfg = Release|Any CPU
		{7A09A068-BB50-46F9-853D-5F0B5D8874FB}.Release|Any CPU.Build.0 = Release|Any CPU
	EndGlobalSection
	GlobalSection(SolutionProperties) = preSolution
		HideSolutionNode = FALSE
	EndGlobalSection
	GlobalSection(NestedProjects) = preSolution
		{A10DE8E0-D976-442E-84AD-B5A441AD8FE6} = {13247AEB-5E2D-4C42-969E-627E17C7656F}
		{80533CA3-39C1-45D3-913D-8FD486627585} = {13247AEB-5E2D-4C42-969E-627E17C7656F}
		{D01C0901-69E4-49F9-B95B-28B585E50FE0} = {13247AEB-5E2D-4C42-969E-627E17C7656F}
		{7A09A068-BB50-46F9-853D-5F0B5D8874FB} = {2E5B2068-B19B-44FB-B3EE-3B2C26C187C2}
	EndGlobalSection
EndGlobal
